<?xml version="1.0" encoding="utf-8"?>
<Project ToolsVersion="4.0" xmlns="http://schemas.microsoft.com/developer/msbuild/2003">
  <ItemGroup>
    <Filter Include="Source Files">
      <UniqueIdentifier>{4FC737F1-C7A5-4376-A066-2A32D752A2FF}</UniqueIdentifier>
      <Extensions>cpp;c;cc;cxx;def;odl;idl;hpj;bat;asm;asmx</Extensions>
    </Filter>
    <Filter Include="Header Files">
      <UniqueIdentifier>{93995380-89BD-4b04-88EB-625FBE52EBFB}</UniqueIdentifier>
      <Extensions>h;hpp;hxx;hm;inl;inc;xsd</Extensions>
    </Filter>
    <Filter Include="Resource Files">
      <UniqueIdentifier>{67DA6AB6-F800-4c08-8B7A-83BB121AAD01}</UniqueIdentifier>
      <Extensions>rc;ico;cur;bmp;dlg;rc2;rct;bin;rgs;gif;jpg;jpeg;jpe;resx;tiff;tif;png;wav;mfcribbon-ms</Extensions>
    </Filter>
    <Filter Include="Header Files\agent">
      <UniqueIdentifier>{ffb3f1de-e6d1-4de8-be35-3288d7a597bd}</UniqueIdentifier>
    </Filter>
    <Filter Include="Header Files\agentcmdrsp">
      <UniqueIdentifier>{62c2704a-c48b-4c9d-b2d8-7ccecbb03eaf}</UniqueIdentifier>
    </Filter>
    <Filter Include="Header Files\config">
      <UniqueIdentifier>{98f488a8-71f0-4368-8b1d-00c4d1b396fe}</UniqueIdentifier>
    </Filter>
    <Filter Include="Header Files\log">
      <UniqueIdentifier>{152b87e4-ea0a-45d9-9ca0-2e8efbe35190}</UniqueIdentifier>
    </Filter>
    <Filter Include="Header Files\net">
      <UniqueIdentifier>{e2c8a04e-c230-43e4-94b7-b1d885712b80}</UniqueIdentifier>
    </Filter>
    <Filter Include="Header Files\sync">
      <UniqueIdentifier>{42641765-5cb5-4345-b0cc-3cefb7d6e44e}</UniqueIdentifier>
    </Filter>
    <Filter Include="Header Files\thread">
      <UniqueIdentifier>{2e1e3051-503f-4756-8680-8a966fb84eb7}</UniqueIdentifier>
    </Filter>
    <Filter Include="Header Files\threadpool">
      <UniqueIdentifier>{864c1894-fa9f-4f25-9873-c9e60dd06800}</UniqueIdentifier>
    </Filter>
    <Filter Include="Header Files\toastpopen">
      <UniqueIdentifier>{4a24d25d-5ba7-4d30-89bf-d4f783713120}</UniqueIdentifier>
    </Filter>
    <Filter Include="Source Files\config">
      <UniqueIdentifier>{6ba29364-be9e-4fba-b777-011d5980354f}</UniqueIdentifier>
    </Filter>
    <Filter Include="Source Files\log">
      <UniqueIdentifier>{508d2e1e-181e-4fd4-8f84-a4dd51950f54}</UniqueIdentifier>
    </Filter>
    <Filter Include="Source Files\net">
      <UniqueIdentifier>{3a40272a-b871-47e8-9908-24ac5807023d}</UniqueIdentifier>
    </Filter>
    <Filter Include="Source Files\sync">
      <UniqueIdentifier>{5569b379-1876-4ebf-8f26-0dd0286ebe24}</UniqueIdentifier>
    </Filter>
    <Filter Include="Source Files\thread">
      <UniqueIdentifier>{bee514be-d2e2-4a7e-b3ff-d261cb46fe28}</UniqueIdentifier>
    </Filter>
    <Filter Include="Source Files\threadpool">
      <UniqueIdentifier>{0c2c76f3-928c-4c53-9d02-f0f77f36b57e}</UniqueIdentifier>
    </Filter>
    <Filter Include="Source Files\toastpopen">
      <UniqueIdentifier>{0843a2df-643f-438c-8b8f-f5b6ea2eb33e}</UniqueIdentifier>
    </Filter>
    <Filter Include="Source Files\winagent">
      <UniqueIdentifier>{2406fb49-1d75-41cc-8c0f-bf116dcb65ed}</UniqueIdentifier>
    </Filter>
    <Filter Include="Header Files\trayicon">
      <UniqueIdentifier>{d80d1afe-fbc0-4f3e-8ec8-7cadbbd0ec46}</UniqueIdentifier>
    </Filter>
    <Filter Include="Source Files\trayicon">
      <UniqueIdentifier>{fb1354d9-8925-498f-9f28-5f0f5e30f081}</UniqueIdentifier>
    </Filter>
  </ItemGroup>
  <ItemGroup>
    <ClInclude Include="..\agent\AgentEngine.h">
      <Filter>Header Files\agent</Filter>
    </ClInclude>
    <ClInclude Include="..\agent\AgentThread.h">
      <Filter>Header Files\agent</Filter>
    </ClInclude>
    <ClInclude Include="..\agentcmdrsp\agentcmdrsp.h">
      <Filter>Header Files\agentcmdrsp</Filter>
    </ClInclude>
    <ClInclude Include="..\config\BaseConfiguration.h">
      <Filter>Header Files\config</Filter>
    </ClInclude>
    <ClInclude Include="..\config\FileConfiguration.h">
      <Filter>Header Files\config</Filter>
    </ClInclude>
    <ClInclude Include="..\config\SimpleConfig.h">
      <Filter>Header Files\config</Filter>
    </ClInclude>
    <ClInclude Include="..\config\StringUtil.h">
      <Filter>Header Files\config</Filter>
    </ClInclude>
    <ClInclude Include="..\config\YException.h">
      <Filter>Header Files\config</Filter>
    </ClInclude>
    <ClInclude Include="..\log\Log.h">
      <Filter>Header Files\log</Filter>
    </ClInclude>
    <ClInclude Include="..\net\buffer.h">
      <Filter>Header Files\net</Filter>
    </ClInclude>
    <ClInclude Include="..\net\packet.h">
      <Filter>Header Files\net</Filter>
    </ClInclude>
    <ClInclude Include="..\net\sendreceivedata.h">
      <Filter>Header Files\net</Filter>
    </ClInclude>
    <ClInclude Include="..\pty\toastpopen.h">
      <Filter>Header Files\toastpopen</Filter>
    </ClInclude>
    <ClInclude Include="..\threadpool\win\threadpool.h">
      <Filter>Header Files\threadpool</Filter>
    </ClInclude>
    <ClInclude Include="..\thread\threadbase.h">
      <Filter>Header Files\thread</Filter>
    </ClInclude>
    <ClInclude Include="..\sync\guard.h">
      <Filter>Header Files\sync</Filter>
    </ClInclude>
    <ClInclude Include="..\sync\mutex.h">
      <Filter>Header Files\sync</Filter>
    </ClInclude>
    <ClInclude Include="..\agent\agentconnection.h">
      <Filter>Header Files\agent</Filter>
    </ClInclude>
    <ClInclude Include="..\trayicon\SystemTraySDK.h">
      <Filter>Header Files\trayicon</Filter>
    </ClInclude>
    <ClInclude Include="resource.h">
      <Filter>Header Files</Filter>
    </ClInclude>
  </ItemGroup>
  <ItemGroup>
    <ClCompile Include="..\config\BaseConfiguration.cpp">
      <Filter>Source Files\config</Filter>
    </ClCompile>
    <ClCompile Include="..\config\FileConfiguration.cpp">
      <Filter>Source Files\config</Filter>
    </ClCompile>
    <ClCompile Include="..\config\SimpleConfig.cpp">
      <Filter>Source Files\config</Filter>
    </ClCompile>
    <ClCompile Include="..\config\StringUtil.cpp">
      <Filter>Source Files\config</Filter>
    </ClCompile>
    <ClCompile Include="..\config\YException.cpp">
      <Filter>Source Files\config</Filter>
    </ClCompile>
    <ClCompile Include="..\log\Log.cpp">
      <Filter>Source Files\log</Filter>
    </ClCompile>
    <ClCompile Include="..\net\sendreceivedata.cpp">
      <Filter>Source Files\net</Filter>
    </ClCompile>
    <ClCompile Include="..\agent\agentconnection.cpp">
      <Filter>Source Files\winagent</Filter>
    </ClCompile>
    <ClCompile Include="..\agent\AgentEngine.cpp">
      <Filter>Source Files\winagent</Filter>
    </ClCompile>
    <ClCompile Include="..\agent\AgentMain.cpp">
      <Filter>Source Files\winagent</Filter>
    </ClCompile>
    <ClCompile Include="..\agent\AgentThread.cpp">
      <Filter>Source Files\winagent</Filter>
    </ClCompile>
    <ClCompile Include="..\pty\toastpopen.cpp">
      <Filter>Source Files\toastpopen</Filter>
    </ClCompile>
    <ClCompile Include="..\threadpool\win\threadpool.cpp">
      <Filter>Source Files\threadpool</Filter>
    </ClCompile>
    <ClCompile Include="..\thread\threadbase.cpp">
      <Filter>Source Files\thread</Filter>
    </ClCompile>
    <ClCompile Include="..\sync\mutex.cpp">
      <Filter>Source Files\sync</Filter>
    </ClCompile>
    <ClCompile Include="..\trayicon\SystemTraySDK.cpp">
      <Filter>Source Files\trayicon</Filter>
    </ClCompile>
    <ClCompile Include="..\agent\wingetsystemperfinfo.cpp">
      <Filter>Source Files\winagent</Filter>
    </ClCompile>
    <ClCompile Include="..\agent\agentinformation.cpp">
      <Filter>Source Files\winagent</Filter>
    </ClCompile>
  </ItemGroup>
  <ItemGroup>
    <ResourceCompile Include="TaskbarDemo.rc">
      <Filter>Resource Files</Filter>
    </ResourceCompile>
  </ItemGroup>
  <ItemGroup>
    <None Include="res\TaskbarDemo.ICO">
      <Filter>Resource Files</Filter>
    </None>
    <None Include="res\icon4.ico">
      <Filter>Resource Files</Filter>
    </None>
    <None Include="res\icon3.ico">
      <Filter>Resource Files</Filter>
    </None>
    <None Include="res\icon2.ico">
      <Filter>Resource Files</Filter>
    </None>
    <None Include="res\icon1.ico">
      <Filter>Resource Files</Filter>
    </None>
    <None Include="res\icon5.ico">
      <Filter>Resource Files</Filter>
    </None>
    <None Include="res\icon6.ico">
      <Filter>Resource Files</Filter>
    </None>
    <None Include="res\iconred1.ico">
      <Filter>Resource Files</Filter>
    </None>
  </ItemGroup>
</Project>